# This file is automatically @generated by Cargo.
# It is not intended for manual editing.
[[package]]
name = "java-props"
version = "0.1.2"
source = "registry+https://github.com/rust-lang/crates.io-index"
dependencies = [
 "lazy_static 1.4.0 (registry+https://github.com/rust-lang/crates.io-index)",
]

[[package]]
name = "lazy_static"
version = "1.4.0"
source = "registry+https://github.com/rust-lang/crates.io-index"

[[package]]
name = "mc-server"
version = "0.1.0"
dependencies = [
 "java-props 0.1.2 (registry+https://github.com/rust-lang/crates.io-index)",
]

[metadata]
"checksum java-props 0.1.2 (registry+https://github.com/rust-lang/crates.io-index)" = "452f28525a5af84bd81f062476bed6431243a0a8f321ddb15966b4915be412fc"
"checksum lazy_static 1.4.0 (registry+https://github.com/rust-lang/crates.io-index)" = "e2abad23fbc42b3700f2f279844dc832adb2b2eb069b2df918f455c4e18cc646"
